
Microsoft Visual Studio Solution File, Format Version 12.00
# Visual Studio Version 17
VisualStudioVersion = 17.8.34525.116
MinimumVisualStudioVersion = 10.0.40219.1
Project("{FAE04EC0-301F-11D3-BF4B-00C04F79EFBC}") = "RGB_HSV_Lab", "RGB_HSV_Lab\RGB_HSV_Lab.csproj", "{EA5A8571-33A1-491F-9104-86DA0253B21C}"
EndProject
Global
	GlobalSection(SolutionConfigurationPlatforms) = preSolution
		Debug|Any CPU = Debug|Any CPU
		Release|Any CPU = Release|Any CPU
	EndGlobalSection
	GlobalSection(ProjectConfigurationPlatforms) = postSolution
		{EA5A8571-33A1-491F-9104-86DA0253B21C}.Debug|Any CPU.ActiveCfg = Debug|Any CPU
		{EA5A8571-33A1-491F-9104-86DA0253B21C}.Debug|Any CPU.Build.0 = Debug|Any CPU
		{EA5A8571-33A1-491F-9104-86DA0253B21C}.Release|Any CPU.ActiveCfg = Release|Any CPU
		{EA5A8571-33A1-491F-9104-86DA0253B21C}.Release|Any CPU.Build.0 = Release|Any CPU
	EndGlobalSection
	GlobalSection(SolutionProperties) = preSolution
		HideSolutionNode = FALSE
	EndGlobalSection
	GlobalSection(ExtensibilityGlobals) = postSolution
		SolutionGuid = {4FA754E6-92A1-4261-B512-EA853516EB1D}
	EndGlobalSection
EndGlobal
